
Microsoft Visual Studio Solution File, Format Version 12.00
# Visual Studio Version 17
VisualStudioVersion = 17.0.32126.317
MinimumVisualStudioVersion = 10.0.40219.1
Project("{FAE04EC0-301F-11D3-BF4B-00C04F79EFBC}") = "exerciocio1.ConsoleApp", "..\exercicio1\exerciocio1.ConsoleApp\exerciocio1.ConsoleApp.csproj", "{9C99E838-BBDC-4269-B877-0B3E463F2E19}"
EndProject
Project("{FAE04EC0-301F-11D3-BF4B-00C04F79EFBC}") = "exercicio2", "..\exercicio1\exercicio2\exercicio2.csproj", "{4AA6F420-EE4F-4F9C-B8DE-27DDA0E607EB}"
EndProject
Project("{FAE04EC0-301F-11D3-BF4B-00C04F79EFBC}") = "exercicio3", "..\exercicio1\exercicio3\exercicio3.csproj", "{9F0963A3-BF4D-40F6-833C-F905F021E67C}"
EndProject
Project("{FAE04EC0-301F-11D3-BF4B-00C04F79EFBC}") = "exercicio4", "..\exercicio1\exercicio4\exercicio4.csproj", "{04183136-DB08-4130-80DD-A1B3C0959CF1}"
EndProject
Project("{FAE04EC0-301F-11D3-BF4B-00C04F79EFBC}") = "exercicio5", "..\exercicio1\exercicio5\exercicio5.csproj", "{4BBF17DC-C680-4503-A194-9C2E1E95F239}"
EndProject
Global
	GlobalSection(SolutionConfigurationPlatforms) = preSolution
		Debug|Any CPU = Debug|Any CPU
		Release|Any CPU = Release|Any CPU
	EndGlobalSection
	GlobalSection(ProjectConfigurationPlatforms) = postSolution
		{9C99E838-BBDC-4269-B877-0B3E463F2E19}.Debug|Any CPU.ActiveCfg = Debug|Any CPU
		{9C99E838-BBDC-4269-B877-0B3E463F2E19}.Debug|Any CPU.Build.0 = Debug|Any CPU
		{9C99E838-BBDC-4269-B877-0B3E463F2E19}.Release|Any CPU.ActiveCfg = Release|Any CPU
		{9C99E838-BBDC-4269-B877-0B3E463F2E19}.Release|Any CPU.Build.0 = Release|Any CPU
		{4AA6F420-EE4F-4F9C-B8DE-27DDA0E607EB}.Debug|Any CPU.ActiveCfg = Debug|Any CPU
		{4AA6F420-EE4F-4F9C-B8DE-27DDA0E607EB}.Debug|Any CPU.Build.0 = Debug|Any CPU
		{4AA6F420-EE4F-4F9C-B8DE-27DDA0E607EB}.Release|Any CPU.ActiveCfg = Release|Any CPU
		{4AA6F420-EE4F-4F9C-B8DE-27DDA0E607EB}.Release|Any CPU.Build.0 = Release|Any CPU
		{9F0963A3-BF4D-40F6-833C-F905F021E67C}.Debug|Any CPU.ActiveCfg = Debug|Any CPU
		{9F0963A3-BF4D-40F6-833C-F905F021E67C}.Debug|Any CPU.Build.0 = Debug|Any CPU
		{9F0963A3-BF4D-40F6-833C-F905F021E67C}.Release|Any CPU.ActiveCfg = Release|Any CPU
		{9F0963A3-BF4D-40F6-833C-F905F021E67C}.Release|Any CPU.Build.0 = Release|Any CPU
		{04183136-DB08-4130-80DD-A1B3C0959CF1}.Debug|Any CPU.ActiveCfg = Debug|Any CPU
		{04183136-DB08-4130-80DD-A1B3C0959CF1}.Debug|Any CPU.Build.0 = Debug|Any CPU
		{04183136-DB08-4130-80DD-A1B3C0959CF1}.Release|Any CPU.ActiveCfg = Release|Any CPU
		{04183136-DB08-4130-80DD-A1B3C0959CF1}.Release|Any CPU.Build.0 = Release|Any CPU
		{4BBF17DC-C680-4503-A194-9C2E1E95F239}.Debug|Any CPU.ActiveCfg = Debug|Any CPU
		{4BBF17DC-C680-4503-A194-9C2E1E95F239}.Debug|Any CPU.Build.0 = Debug|Any CPU
		{4BBF17DC-C680-4503-A194-9C2E1E95F239}.Release|Any CPU.ActiveCfg = Release|Any CPU
		{4BBF17DC-C680-4503-A194-9C2E1E95F239}.Release|Any CPU.Build.0 = Release|Any CPU
	EndGlobalSection
	GlobalSection(SolutionProperties) = preSolution
		HideSolutionNode = FALSE
	EndGlobalSection
	GlobalSection(ExtensibilityGlobals) = postSolution
		SolutionGuid = {480B4F63-3958-48BA-B99F-86CF9CA1CD47}
	EndGlobalSection
EndGlobal
